
Microsoft Visual Studio Solution File, Format Version 12.00
# Visual Studio Version 17
VisualStudioVersion = 17.8.34330.188
MinimumVisualStudioVersion = 10.0.40219.1
Project("{8BC9CEB8-8B4A-11D0-8D11-00A0C91BC942}") = "var8(1)", "laba4\laba4.vcxproj", "{9273D523-A925-4E62-B464-43C72A96CFFD}"
EndProject
Project("{8BC9CEB8-8B4A-11D0-8D11-00A0C91BC942}") = "var8(2)", "geron\geron.vcxproj", "{0DA5C20D-E5BA-4AC6-BD28-474A8A241E75}"
EndProject
Project("{8BC9CEB8-8B4A-11D0-8D11-00A0C91BC942}") = "var7(1)", "var7(1)\var7(1).vcxproj", "{1C92D7F9-AD95-4A7C-A070-6CC35B0E2CD1}"
EndProject
Project("{8BC9CEB8-8B4A-11D0-8D11-00A0C91BC942}") = "var7(2)", "var7(2)\var7(2).vcxproj", "{D96CCCEB-6C30-479E-8322-C646436AC1F7}"
EndProject
Project("{8BC9CEB8-8B4A-11D0-8D11-00A0C91BC942}") = "var9(1)", "var9(1)\var9(1).vcxproj", "{6BF99848-9FDC-43F7-9205-4B77059F163A}"
EndProject
Project("{8BC9CEB8-8B4A-11D0-8D11-00A0C91BC942}") = "var9(2)", "var9(2)\var9(2).vcxproj", "{1ACAA2F3-3B53-4A15-9EF6-DB0CF88DCD84}"
EndProject
Project("{8BC9CEB8-8B4A-11D0-8D11-00A0C91BC942}") = "var12(1)", "var12(1)\var12(1).vcxproj", "{9E5D5ED5-CB6E-4DEB-B6F9-63C55CD7EF10}"
EndProject
Project("{8BC9CEB8-8B4A-11D0-8D11-00A0C91BC942}") = "var12(2)", "var12(2)\var12(2).vcxproj", "{21F9518F-AF05-4693-A041-9F9317A996A9}"
EndProject
Project("{8BC9CEB8-8B4A-11D0-8D11-00A0C91BC942}") = "zad1", "zad1\zad1.vcxproj", "{8A4FC443-3116-46C8-A2F1-4F2B727E2C6E}"
EndProject
Project("{8BC9CEB8-8B4A-11D0-8D11-00A0C91BC942}") = "zad2", "zad2\zad2.vcxproj", "{78D499EC-1611-467F-91E6-C837486306D4}"
EndProject
Project("{8BC9CEB8-8B4A-11D0-8D11-00A0C91BC942}") = "zad3", "zad3\zad3.vcxproj", "{3225E36D-FED9-4FC5-BC23-6E850A6D1AED}"
EndProject
Project("{8BC9CEB8-8B4A-11D0-8D11-00A0C91BC942}") = "zad4", "zad4\zad4.vcxproj", "{6E16A3C7-B9BA-464A-B1CB-A169EEE7C3C8}"
EndProject
Project("{8BC9CEB8-8B4A-11D0-8D11-00A0C91BC942}") = "zad3(laba3)", "zad3(laba3)\zad3(laba3).vcxproj", "{85B31BBF-1BB1-410B-9C5C-2964BE299BE1}"
EndProject
Project("{8BC9CEB8-8B4A-11D0-8D11-00A0C91BC942}") = "zad4(start)", "zad4(start)\zad4(start).vcxproj", "{C52D3640-0D71-4746-B978-8CAF2294F56A}"
EndProject
Global
	GlobalSection(SolutionConfigurationPlatforms) = preSolution
		Debug|x64 = Debug|x64
		Debug|x86 = Debug|x86
		Release|x64 = Release|x64
		Release|x86 = Release|x86
	EndGlobalSection
	GlobalSection(ProjectConfigurationPlatforms) = postSolution
		{9273D523-A925-4E62-B464-43C72A96CFFD}.Debug|x64.ActiveCfg = Debug|x64
		{9273D523-A925-4E62-B464-43C72A96CFFD}.Debug|x64.Build.0 = Debug|x64
		{9273D523-A925-4E62-B464-43C72A96CFFD}.Debug|x86.ActiveCfg = Debug|Win32
		{9273D523-A925-4E62-B464-43C72A96CFFD}.Debug|x86.Build.0 = Debug|Win32
		{9273D523-A925-4E62-B464-43C72A96CFFD}.Release|x64.ActiveCfg = Release|x64
		{9273D523-A925-4E62-B464-43C72A96CFFD}.Release|x64.Build.0 = Release|x64
		{9273D523-A925-4E62-B464-43C72A96CFFD}.Release|x86.ActiveCfg = Release|Win32
		{9273D523-A925-4E62-B464-43C72A96CFFD}.Release|x86.Build.0 = Release|Win32
		{0DA5C20D-E5BA-4AC6-BD28-474A8A241E75}.Debug|x64.ActiveCfg = Debug|x64
		{0DA5C20D-E5BA-4AC6-BD28-474A8A241E75}.Debug|x64.Build.0 = Debug|x64
		{0DA5C20D-E5BA-4AC6-BD28-474A8A241E75}.Debug|x86.ActiveCfg = Debug|Win32
		{0DA5C20D-E5BA-4AC6-BD28-474A8A241E75}.Debug|x86.Build.0 = Debug|Win32
		{0DA5C20D-E5BA-4AC6-BD28-474A8A241E75}.Release|x64.ActiveCfg = Release|x64
		{0DA5C20D-E5BA-4AC6-BD28-474A8A241E75}.Release|x64.Build.0 = Release|x64
		{0DA5C20D-E5BA-4AC6-BD28-474A8A241E75}.Release|x86.ActiveCfg = Release|Win32
		{0DA5C20D-E5BA-4AC6-BD28-474A8A241E75}.Release|x86.Build.0 = Release|Win32
		{1C92D7F9-AD95-4A7C-A070-6CC35B0E2CD1}.Debug|x64.ActiveCfg = Debug|x64
		{1C92D7F9-AD95-4A7C-A070-6CC35B0E2CD1}.Debug|x64.Build.0 = Debug|x64
		{1C92D7F9-AD95-4A7C-A070-6CC35B0E2CD1}.Debug|x86.ActiveCfg = Debug|Win32
		{1C92D7F9-AD95-4A7C-A070-6CC35B0E2CD1}.Debug|x86.Build.0 = Debug|Win32
		{1C92D7F9-AD95-4A7C-A070-6CC35B0E2CD1}.Release|x64.ActiveCfg = Release|x64
		{1C92D7F9-AD95-4A7C-A070-6CC35B0E2CD1}.Release|x64.Build.0 = Release|x64
		{1C92D7F9-AD95-4A7C-A070-6CC35B0E2CD1}.Release|x86.ActiveCfg = Release|Win32
		{1C92D7F9-AD95-4A7C-A070-6CC35B0E2CD1}.Release|x86.Build.0 = Release|Win32
		{D96CCCEB-6C30-479E-8322-C646436AC1F7}.Debug|x64.ActiveCfg = Debug|x64
		{D96CCCEB-6C30-479E-8322-C646436AC1F7}.Debug|x64.Build.0 = Debug|x64
		{D96CCCEB-6C30-479E-8322-C646436AC1F7}.Debug|x86.ActiveCfg = Debug|Win32
		{D96CCCEB-6C30-479E-8322-C646436AC1F7}.Debug|x86.Build.0 = Debug|Win32
		{D96CCCEB-6C30-479E-8322-C646436AC1F7}.Release|x64.ActiveCfg = Release|x64
		{D96CCCEB-6C30-479E-8322-C646436AC1F7}.Release|x64.Build.0 = Release|x64
		{D96CCCEB-6C30-479E-8322-C646436AC1F7}.Release|x86.ActiveCfg = Release|Win32
		{D96CCCEB-6C30-479E-8322-C646436AC1F7}.Release|x86.Build.0 = Release|Win32
		{6BF99848-9FDC-43F7-9205-4B77059F163A}.Debug|x64.ActiveCfg = Debug|x64
		{6BF99848-9FDC-43F7-9205-4B77059F163A}.Debug|x64.Build.0 = Debug|x64
		{6BF99848-9FDC-43F7-9205-4B77059F163A}.Debug|x86.ActiveCfg = Debug|Win32
		{6BF99848-9FDC-43F7-9205-4B77059F163A}.Debug|x86.Build.0 = Debug|Win32
		{6BF99848-9FDC-43F7-9205-4B77059F163A}.Release|x64.ActiveCfg = Release|x64
		{6BF99848-9FDC-43F7-9205-4B77059F163A}.Release|x64.Build.0 = Release|x64
		{6BF99848-9FDC-43F7-9205-4B77059F163A}.Release|x86.ActiveCfg = Release|Win32
		{6BF99848-9FDC-43F7-9205-4B77059F163A}.Release|x86.Build.0 = Release|Win32
		{1ACAA2F3-3B53-4A15-9EF6-DB0CF88DCD84}.Debug|x64.ActiveCfg = Debug|x64
		{1ACAA2F3-3B53-4A15-9EF6-DB0CF88DCD84}.Debug|x64.Build.0 = Debug|x64
		{1ACAA2F3-3B53-4A15-9EF6-DB0CF88DCD84}.Debug|x86.ActiveCfg = Debug|Win32
		{1ACAA2F3-3B53-4A15-9EF6-DB0CF88DCD84}.Debug|x86.Build.0 = Debug|Win32
		{1ACAA2F3-3B53-4A15-9EF6-DB0CF88DCD84}.Release|x64.ActiveCfg = Release|x64
		{1ACAA2F3-3B53-4A15-9EF6-DB0CF88DCD84}.Release|x64.Build.0 = Release|x64
		{1ACAA2F3-3B53-4A15-9EF6-DB0CF88DCD84}.Release|x86.ActiveCfg = Release|Win32
		{1ACAA2F3-3B53-4A15-9EF6-DB0CF88DCD84}.Release|x86.Build.0 = Release|Win32
		{9E5D5ED5-CB6E-4DEB-B6F9-63C55CD7EF10}.Debug|x64.ActiveCfg = Debug|x64
		{9E5D5ED5-CB6E-4DEB-B6F9-63C55CD7EF10}.Debug|x64.Build.0 = Debug|x64
		{9E5D5ED5-CB6E-4DEB-B6F9-63C55CD7EF10}.Debug|x86.ActiveCfg = Debug|Win32
		{9E5D5ED5-CB6E-4DEB-B6F9-63C55CD7EF10}.Debug|x86.Build.0 = Debug|Win32
		{9E5D5ED5-CB6E-4DEB-B6F9-63C55CD7EF10}.Release|x64.ActiveCfg = Release|x64
		{9E5D5ED5-CB6E-4DEB-B6F9-63C55CD7EF10}.Release|x64.Build.0 = Release|x64
		{9E5D5ED5-CB6E-4DEB-B6F9-63C55CD7EF10}.Release|x86.ActiveCfg = Release|Win32
		{9E5D5ED5-CB6E-4DEB-B6F9-63C55CD7EF10}.Release|x86.Build.0 = Release|Win32
		{21F9518F-AF05-4693-A041-9F9317A996A9}.Debug|x64.ActiveCfg = Debug|x64
		{21F9518F-AF05-4693-A041-9F9317A996A9}.Debug|x64.Build.0 = Debug|x64
		{21F9518F-AF05-4693-A041-9F9317A996A9}.Debug|x86.ActiveCfg = Debug|Win32
		{21F9518F-AF05-4693-A041-9F9317A996A9}.Debug|x86.Build.0 = Debug|Win32
		{21F9518F-AF05-4693-A041-9F9317A996A9}.Release|x64.ActiveCfg = Release|x64
		{21F9518F-AF05-4693-A041-9F9317A996A9}.Release|x64.Build.0 = Release|x64
		{21F9518F-AF05-4693-A041-9F9317A996A9}.Release|x86.ActiveCfg = Release|Win32
		{21F9518F-AF05-4693-A041-9F9317A996A9}.Release|x86.Build.0 = Release|Win32
		{8A4FC443-3116-46C8-A2F1-4F2B727E2C6E}.Debug|x64.ActiveCfg = Debug|x64
		{8A4FC443-3116-46C8-A2F1-4F2B727E2C6E}.Debug|x64.Build.0 = Debug|x64
		{8A4FC443-3116-46C8-A2F1-4F2B727E2C6E}.Debug|x86.ActiveCfg = Debug|Win32
		{8A4FC443-3116-46C8-A2F1-4F2B727E2C6E}.Debug|x86.Build.0 = Debug|Win32
		{8A4FC443-3116-46C8-A2F1-4F2B727E2C6E}.Release|x64.ActiveCfg = Release|x64
		{8A4FC443-3116-46C8-A2F1-4F2B727E2C6E}.Release|x64.Build.0 = Release|x64
		{8A4FC443-3116-46C8-A2F1-4F2B727E2C6E}.Release|x86.ActiveCfg = Release|Win32
		{8A4FC443-3116-46C8-A2F1-4F2B727E2C6E}.Release|x86.Build.0 = Release|Win32
		{78D499EC-1611-467F-91E6-C837486306D4}.Debug|x64.ActiveCfg = Debug|x64
		{78D499EC-1611-467F-91E6-C837486306D4}.Debug|x64.Build.0 = Debug|x64
		{78D499EC-1611-467F-91E6-C837486306D4}.Debug|x86.ActiveCfg = Debug|Win32
		{78D499EC-1611-467F-91E6-C837486306D4}.Debug|x86.Build.0 = Debug|Win32
		{78D499EC-1611-467F-91E6-C837486306D4}.Release|x64.ActiveCfg = Release|x64
		{78D499EC-1611-467F-91E6-C837486306D4}.Release|x64.Build.0 = Release|x64
		{78D499EC-1611-467F-91E6-C837486306D4}.Release|x86.ActiveCfg = Release|Win32
		{78D499EC-1611-467F-91E6-C837486306D4}.Release|x86.Build.0 = Release|Win32
		{3225E36D-FED9-4FC5-BC23-6E850A6D1AED}.Debug|x64.ActiveCfg = Debug|x64
		{3225E36D-FED9-4FC5-BC23-6E850A6D1AED}.Debug|x64.Build.0 = Debug|x64
		{3225E36D-FED9-4FC5-BC23-6E850A6D1AED}.Debug|x86.ActiveCfg = Debug|Win32
		{3225E36D-FED9-4FC5-BC23-6E850A6D1AED}.Debug|x86.Build.0 = Debug|Win32
		{3225E36D-FED9-4FC5-BC23-6E850A6D1AED}.Release|x64.ActiveCfg = Release|x64
		{3225E36D-FED9-4FC5-BC23-6E850A6D1AED}.Release|x64.Build.0 = Release|x64
		{3225E36D-FED9-4FC5-BC23-6E850A6D1AED}.Release|x86.ActiveCfg = Release|Win32
		{3225E36D-FED9-4FC5-BC23-6E850A6D1AED}.Release|x86.Build.0 = Release|Win32
		{6E16A3C7-B9BA-464A-B1CB-A169EEE7C3C8}.Debug|x64.ActiveCfg = Debug|x64
		{6E16A3C7-B9BA-464A-B1CB-A169EEE7C3C8}.Debug|x64.Build.0 = Debug|x64
		{6E16A3C7-B9BA-464A-B1CB-A169EEE7C3C8}.Debug|x86.ActiveCfg = Debug|Win32
		{6E16A3C7-B9BA-464A-B1CB-A169EEE7C3C8}.Debug|x86.Build.0 = Debug|Win32
		{6E16A3C7-B9BA-464A-B1CB-A169EEE7C3C8}.Release|x64.ActiveCfg = Release|x64
		{6E16A3C7-B9BA-464A-B1CB-A169EEE7C3C8}.Release|x64.Build.0 = Release|x64
		{6E16A3C7-B9BA-464A-B1CB-A169EEE7C3C8}.Release|x86.ActiveCfg = Release|Win32
		{6E16A3C7-B9BA-464A-B1CB-A169EEE7C3C8}.Release|x86.Build.0 = Release|Win32
		{85B31BBF-1BB1-410B-9C5C-2964BE299BE1}.Debug|x64.ActiveCfg = Debug|x64
		{85B31BBF-1BB1-410B-9C5C-2964BE299BE1}.Debug|x64.Build.0 = Debug|x64
		{85B31BBF-1BB1-410B-9C5C-2964BE299BE1}.Debug|x86.ActiveCfg = Debug|Win32
		{85B31BBF-1BB1-410B-9C5C-2964BE299BE1}.Debug|x86.Build.0 = Debug|Win32
		{85B31BBF-1BB1-410B-9C5C-2964BE299BE1}.Release|x64.ActiveCfg = Release|x64
		{85B31BBF-1BB1-410B-9C5C-2964BE299BE1}.Release|x64.Build.0 = Release|x64
		{85B31BBF-1BB1-410B-9C5C-2964BE299BE1}.Release|x86.ActiveCfg = Release|Win32
		{85B31BBF-1BB1-410B-9C5C-2964BE299BE1}.Release|x86.Build.0 = Release|Win32
		{C52D3640-0D71-4746-B978-8CAF2294F56A}.Debug|x64.ActiveCfg = Debug|x64
		{C52D3640-0D71-4746-B978-8CAF2294F56A}.Debug|x64.Build.0 = Debug|x64
		{C52D3640-0D71-4746-B978-8CAF2294F56A}.Debug|x86.ActiveCfg = Debug|Win32
		{C52D3640-0D71-4746-B978-8CAF2294F56A}.Debug|x86.Build.0 = Debug|Win32
		{C52D3640-0D71-4746-B978-8CAF2294F56A}.Release|x64.ActiveCfg = Release|x64
		{C52D3640-0D71-4746-B978-8CAF2294F56A}.Release|x64.Build.0 = Release|x64
		{C52D3640-0D71-4746-B978-8CAF2294F56A}.Release|x86.ActiveCfg = Release|Win32
		{C52D3640-0D71-4746-B978-8CAF2294F56A}.Release|x86.Build.0 = Release|Win32
	EndGlobalSection
	GlobalSection(SolutionProperties) = preSolution
		HideSolutionNode = FALSE
	EndGlobalSection
	GlobalSection(ExtensibilityGlobals) = postSolution
		SolutionGuid = {E4585803-5722-4D8E-B7A6-3EAE5EA92CB9}
	EndGlobalSection
EndGlobal
