
Microsoft Visual Studio Solution File, Format Version 12.00
# Visual Studio Version 17
VisualStudioVersion = 17.8.34330.188
MinimumVisualStudioVersion = 10.0.40219.1
Project("{8BC9CEB8-8B4A-11D0-8D11-00A0C91BC942}") = "lab10", "lab10\lab10.vcxproj", "{19981D64-6CEE-46D8-BFCC-459668D0BD61}"
EndProject
Project("{8BC9CEB8-8B4A-11D0-8D11-00A0C91BC942}") = "zad2", "zad2\zad2.vcxproj", "{6E1FA4E3-80A3-408B-906B-4E3FE17CB7B8}"
EndProject
Project("{8BC9CEB8-8B4A-11D0-8D11-00A0C91BC942}") = "zad3", "zad3\zad3.vcxproj", "{D4AA25DB-C506-4EB2-AD99-ECA5440602F5}"
EndProject
Project("{8BC9CEB8-8B4A-11D0-8D11-00A0C91BC942}") = "zad4", "zad4\zad4.vcxproj", "{D9113F6F-5E0C-4F41-B4AE-A739A026B897}"
EndProject
Project("{8BC9CEB8-8B4A-11D0-8D11-00A0C91BC942}") = "zad5.1", "zad5.1\zad5.1.vcxproj", "{E2DF6713-0869-4585-8703-AC9F663A3B66}"
EndProject
Project("{8BC9CEB8-8B4A-11D0-8D11-00A0C91BC942}") = "zad5.2", "zad5.2\zad5.2.vcxproj", "{4565CD0A-ED4B-438D-AE76-BBA21EEC792E}"
EndProject
Project("{8BC9CEB8-8B4A-11D0-8D11-00A0C91BC942}") = "dop3", "dop3\dop3.vcxproj", "{96C1C313-D0EC-4A04-8E0E-67C6B59FD269}"
EndProject
Project("{8BC9CEB8-8B4A-11D0-8D11-00A0C91BC942}") = "dop1", "dop1\dop1.vcxproj", "{A9C1121A-FF2B-47FF-9C95-64934335DA81}"
EndProject
Project("{8BC9CEB8-8B4A-11D0-8D11-00A0C91BC942}") = "dop2", "dop2\dop2.vcxproj", "{E36742AC-E80D-47FC-B5A5-76A3174F0550}"
EndProject
Global
	GlobalSection(SolutionConfigurationPlatforms) = preSolution
		Debug|x64 = Debug|x64
		Debug|x86 = Debug|x86
		Release|x64 = Release|x64
		Release|x86 = Release|x86
	EndGlobalSection
	GlobalSection(ProjectConfigurationPlatforms) = postSolution
		{19981D64-6CEE-46D8-BFCC-459668D0BD61}.Debug|x64.ActiveCfg = Debug|x64
		{19981D64-6CEE-46D8-BFCC-459668D0BD61}.Debug|x64.Build.0 = Debug|x64
		{19981D64-6CEE-46D8-BFCC-459668D0BD61}.Debug|x86.ActiveCfg = Debug|Win32
		{19981D64-6CEE-46D8-BFCC-459668D0BD61}.Debug|x86.Build.0 = Debug|Win32
		{19981D64-6CEE-46D8-BFCC-459668D0BD61}.Release|x64.ActiveCfg = Release|x64
		{19981D64-6CEE-46D8-BFCC-459668D0BD61}.Release|x64.Build.0 = Release|x64
		{19981D64-6CEE-46D8-BFCC-459668D0BD61}.Release|x86.ActiveCfg = Release|Win32
		{19981D64-6CEE-46D8-BFCC-459668D0BD61}.Release|x86.Build.0 = Release|Win32
		{6E1FA4E3-80A3-408B-906B-4E3FE17CB7B8}.Debug|x64.ActiveCfg = Debug|x64
		{6E1FA4E3-80A3-408B-906B-4E3FE17CB7B8}.Debug|x64.Build.0 = Debug|x64
		{6E1FA4E3-80A3-408B-906B-4E3FE17CB7B8}.Debug|x86.ActiveCfg = Debug|Win32
		{6E1FA4E3-80A3-408B-906B-4E3FE17CB7B8}.Debug|x86.Build.0 = Debug|Win32
		{6E1FA4E3-80A3-408B-906B-4E3FE17CB7B8}.Release|x64.ActiveCfg = Release|x64
		{6E1FA4E3-80A3-408B-906B-4E3FE17CB7B8}.Release|x64.Build.0 = Release|x64
		{6E1FA4E3-80A3-408B-906B-4E3FE17CB7B8}.Release|x86.ActiveCfg = Release|Win32
		{6E1FA4E3-80A3-408B-906B-4E3FE17CB7B8}.Release|x86.Build.0 = Release|Win32
		{D4AA25DB-C506-4EB2-AD99-ECA5440602F5}.Debug|x64.ActiveCfg = Debug|x64
		{D4AA25DB-C506-4EB2-AD99-ECA5440602F5}.Debug|x64.Build.0 = Debug|x64
		{D4AA25DB-C506-4EB2-AD99-ECA5440602F5}.Debug|x86.ActiveCfg = Debug|Win32
		{D4AA25DB-C506-4EB2-AD99-ECA5440602F5}.Debug|x86.Build.0 = Debug|Win32
		{D4AA25DB-C506-4EB2-AD99-ECA5440602F5}.Release|x64.ActiveCfg = Release|x64
		{D4AA25DB-C506-4EB2-AD99-ECA5440602F5}.Release|x64.Build.0 = Release|x64
		{D4AA25DB-C506-4EB2-AD99-ECA5440602F5}.Release|x86.ActiveCfg = Release|Win32
		{D4AA25DB-C506-4EB2-AD99-ECA5440602F5}.Release|x86.Build.0 = Release|Win32
		{D9113F6F-5E0C-4F41-B4AE-A739A026B897}.Debug|x64.ActiveCfg = Debug|x64
		{D9113F6F-5E0C-4F41-B4AE-A739A026B897}.Debug|x64.Build.0 = Debug|x64
		{D9113F6F-5E0C-4F41-B4AE-A739A026B897}.Debug|x86.ActiveCfg = Debug|Win32
		{D9113F6F-5E0C-4F41-B4AE-A739A026B897}.Debug|x86.Build.0 = Debug|Win32
		{D9113F6F-5E0C-4F41-B4AE-A739A026B897}.Release|x64.ActiveCfg = Release|x64
		{D9113F6F-5E0C-4F41-B4AE-A739A026B897}.Release|x64.Build.0 = Release|x64
		{D9113F6F-5E0C-4F41-B4AE-A739A026B897}.Release|x86.ActiveCfg = Release|Win32
		{D9113F6F-5E0C-4F41-B4AE-A739A026B897}.Release|x86.Build.0 = Release|Win32
		{E2DF6713-0869-4585-8703-AC9F663A3B66}.Debug|x64.ActiveCfg = Debug|x64
		{E2DF6713-0869-4585-8703-AC9F663A3B66}.Debug|x64.Build.0 = Debug|x64
		{E2DF6713-0869-4585-8703-AC9F663A3B66}.Debug|x86.ActiveCfg = Debug|Win32
		{E2DF6713-0869-4585-8703-AC9F663A3B66}.Debug|x86.Build.0 = Debug|Win32
		{E2DF6713-0869-4585-8703-AC9F663A3B66}.Release|x64.ActiveCfg = Release|x64
		{E2DF6713-0869-4585-8703-AC9F663A3B66}.Release|x64.Build.0 = Release|x64
		{E2DF6713-0869-4585-8703-AC9F663A3B66}.Release|x86.ActiveCfg = Release|Win32
		{E2DF6713-0869-4585-8703-AC9F663A3B66}.Release|x86.Build.0 = Release|Win32
		{4565CD0A-ED4B-438D-AE76-BBA21EEC792E}.Debug|x64.ActiveCfg = Debug|x64
		{4565CD0A-ED4B-438D-AE76-BBA21EEC792E}.Debug|x64.Build.0 = Debug|x64
		{4565CD0A-ED4B-438D-AE76-BBA21EEC792E}.Debug|x86.ActiveCfg = Debug|Win32
		{4565CD0A-ED4B-438D-AE76-BBA21EEC792E}.Debug|x86.Build.0 = Debug|Win32
		{4565CD0A-ED4B-438D-AE76-BBA21EEC792E}.Release|x64.ActiveCfg = Release|x64
		{4565CD0A-ED4B-438D-AE76-BBA21EEC792E}.Release|x64.Build.0 = Release|x64
		{4565CD0A-ED4B-438D-AE76-BBA21EEC792E}.Release|x86.ActiveCfg = Release|Win32
		{4565CD0A-ED4B-438D-AE76-BBA21EEC792E}.Release|x86.Build.0 = Release|Win32
		{96C1C313-D0EC-4A04-8E0E-67C6B59FD269}.Debug|x64.ActiveCfg = Debug|x64
		{96C1C313-D0EC-4A04-8E0E-67C6B59FD269}.Debug|x64.Build.0 = Debug|x64
		{96C1C313-D0EC-4A04-8E0E-67C6B59FD269}.Debug|x86.ActiveCfg = Debug|Win32
		{96C1C313-D0EC-4A04-8E0E-67C6B59FD269}.Debug|x86.Build.0 = Debug|Win32
		{96C1C313-D0EC-4A04-8E0E-67C6B59FD269}.Release|x64.ActiveCfg = Release|x64
		{96C1C313-D0EC-4A04-8E0E-67C6B59FD269}.Release|x64.Build.0 = Release|x64
		{96C1C313-D0EC-4A04-8E0E-67C6B59FD269}.Release|x86.ActiveCfg = Release|Win32
		{96C1C313-D0EC-4A04-8E0E-67C6B59FD269}.Release|x86.Build.0 = Release|Win32
		{A9C1121A-FF2B-47FF-9C95-64934335DA81}.Debug|x64.ActiveCfg = Debug|x64
		{A9C1121A-FF2B-47FF-9C95-64934335DA81}.Debug|x64.Build.0 = Debug|x64
		{A9C1121A-FF2B-47FF-9C95-64934335DA81}.Debug|x86.ActiveCfg = Debug|Win32
		{A9C1121A-FF2B-47FF-9C95-64934335DA81}.Debug|x86.Build.0 = Debug|Win32
		{A9C1121A-FF2B-47FF-9C95-64934335DA81}.Release|x64.ActiveCfg = Release|x64
		{A9C1121A-FF2B-47FF-9C95-64934335DA81}.Release|x64.Build.0 = Release|x64
		{A9C1121A-FF2B-47FF-9C95-64934335DA81}.Release|x86.ActiveCfg = Release|Win32
		{A9C1121A-FF2B-47FF-9C95-64934335DA81}.Release|x86.Build.0 = Release|Win32
		{E36742AC-E80D-47FC-B5A5-76A3174F0550}.Debug|x64.ActiveCfg = Debug|x64
		{E36742AC-E80D-47FC-B5A5-76A3174F0550}.Debug|x64.Build.0 = Debug|x64
		{E36742AC-E80D-47FC-B5A5-76A3174F0550}.Debug|x86.ActiveCfg = Debug|Win32
		{E36742AC-E80D-47FC-B5A5-76A3174F0550}.Debug|x86.Build.0 = Debug|Win32
		{E36742AC-E80D-47FC-B5A5-76A3174F0550}.Release|x64.ActiveCfg = Release|x64
		{E36742AC-E80D-47FC-B5A5-76A3174F0550}.Release|x64.Build.0 = Release|x64
		{E36742AC-E80D-47FC-B5A5-76A3174F0550}.Release|x86.ActiveCfg = Release|Win32
		{E36742AC-E80D-47FC-B5A5-76A3174F0550}.Release|x86.Build.0 = Release|Win32
	EndGlobalSection
	GlobalSection(SolutionProperties) = preSolution
		HideSolutionNode = FALSE
	EndGlobalSection
	GlobalSection(ExtensibilityGlobals) = postSolution
		SolutionGuid = {9F8DE31E-FA23-40ED-86FF-1F7732D1C72A}
	EndGlobalSection
EndGlobal
