
Microsoft Visual Studio Solution File, Format Version 12.00
# Visual Studio Version 17
VisualStudioVersion = 17.8.34330.188
MinimumVisualStudioVersion = 10.0.40219.1
Project("{8BC9CEB8-8B4A-11D0-8D11-00A0C91BC942}") = "zad1", "lab17\lab17.vcxproj", "{5E0CD972-1AE3-4757-9CE6-425FACCE8E1E}"
EndProject
Project("{8BC9CEB8-8B4A-11D0-8D11-00A0C91BC942}") = "dop_var6(1)", "dop_var6(1)\dop_var6(1).vcxproj", "{39F67357-EC9E-4269-A90D-6B3ECD4E3FDE}"
EndProject
Project("{8BC9CEB8-8B4A-11D0-8D11-00A0C91BC942}") = "dop_var6(2)", "dop_var6(2)\dop_var6(2).vcxproj", "{F112D4A0-520A-4981-85EE-11081052B4CE}"
EndProject
Project("{8BC9CEB8-8B4A-11D0-8D11-00A0C91BC942}") = "dop_var15(1)", "dop_var15(1)\dop_var15(1).vcxproj", "{E7704A32-6B05-423A-ADCA-2D583213855C}"
EndProject
Project("{8BC9CEB8-8B4A-11D0-8D11-00A0C91BC942}") = "dop_var15(2)", "dop_var15(2)\dop_var15(2).vcxproj", "{0FE4E169-A0CE-4349-AE7A-4B64C2DFD2F7}"
EndProject
Project("{8BC9CEB8-8B4A-11D0-8D11-00A0C91BC942}") = "dop_var1(1)", "dop_var1(1)\dop_var1(1).vcxproj", "{26C77F07-1795-494F-B087-42DA321EEE0A}"
EndProject
Project("{8BC9CEB8-8B4A-11D0-8D11-00A0C91BC942}") = "dop_var1(2)", "dop_var1(2)\dop_var1(2).vcxproj", "{6EBA9189-3147-4EBA-AA4F-CF56FB15416E}"
EndProject
Project("{8BC9CEB8-8B4A-11D0-8D11-00A0C91BC942}") = "zad2", "zad2\zad2.vcxproj", "{35C47FE1-81F9-49B7-B3B6-1777ACC269D6}"
EndProject
Project("{8BC9CEB8-8B4A-11D0-8D11-00A0C91BC942}") = "zad3", "zad3\zad3.vcxproj", "{B5E42114-3D63-4184-8E65-DAEF75AC7150}"
EndProject
Project("{8BC9CEB8-8B4A-11D0-8D11-00A0C91BC942}") = "zad4", "zad4\zad4.vcxproj", "{0EE3378F-F403-4AC8-BDA0-3B4AEC1511E7}"
EndProject
Project("{8BC9CEB8-8B4A-11D0-8D11-00A0C91BC942}") = "var8(2)", "var8(2)\var8(2).vcxproj", "{F98F00E5-F0B4-4756-B2D8-EA09DA1764E8}"
EndProject
Project("{8BC9CEB8-8B4A-11D0-8D11-00A0C91BC942}") = "var8(1)", "var8(1)\var8(1).vcxproj", "{A210DDD2-3E33-474E-B567-3A5E7F6DDEF2}"
EndProject
Global
	GlobalSection(SolutionConfigurationPlatforms) = preSolution
		Debug|x64 = Debug|x64
		Debug|x86 = Debug|x86
		Release|x64 = Release|x64
		Release|x86 = Release|x86
	EndGlobalSection
	GlobalSection(ProjectConfigurationPlatforms) = postSolution
		{5E0CD972-1AE3-4757-9CE6-425FACCE8E1E}.Debug|x64.ActiveCfg = Debug|x64
		{5E0CD972-1AE3-4757-9CE6-425FACCE8E1E}.Debug|x64.Build.0 = Debug|x64
		{5E0CD972-1AE3-4757-9CE6-425FACCE8E1E}.Debug|x86.ActiveCfg = Debug|Win32
		{5E0CD972-1AE3-4757-9CE6-425FACCE8E1E}.Debug|x86.Build.0 = Debug|Win32
		{5E0CD972-1AE3-4757-9CE6-425FACCE8E1E}.Release|x64.ActiveCfg = Release|x64
		{5E0CD972-1AE3-4757-9CE6-425FACCE8E1E}.Release|x64.Build.0 = Release|x64
		{5E0CD972-1AE3-4757-9CE6-425FACCE8E1E}.Release|x86.ActiveCfg = Release|Win32
		{5E0CD972-1AE3-4757-9CE6-425FACCE8E1E}.Release|x86.Build.0 = Release|Win32
		{39F67357-EC9E-4269-A90D-6B3ECD4E3FDE}.Debug|x64.ActiveCfg = Debug|x64
		{39F67357-EC9E-4269-A90D-6B3ECD4E3FDE}.Debug|x64.Build.0 = Debug|x64
		{39F67357-EC9E-4269-A90D-6B3ECD4E3FDE}.Debug|x86.ActiveCfg = Debug|Win32
		{39F67357-EC9E-4269-A90D-6B3ECD4E3FDE}.Debug|x86.Build.0 = Debug|Win32
		{39F67357-EC9E-4269-A90D-6B3ECD4E3FDE}.Release|x64.ActiveCfg = Release|x64
		{39F67357-EC9E-4269-A90D-6B3ECD4E3FDE}.Release|x64.Build.0 = Release|x64
		{39F67357-EC9E-4269-A90D-6B3ECD4E3FDE}.Release|x86.ActiveCfg = Release|Win32
		{39F67357-EC9E-4269-A90D-6B3ECD4E3FDE}.Release|x86.Build.0 = Release|Win32
		{F112D4A0-520A-4981-85EE-11081052B4CE}.Debug|x64.ActiveCfg = Debug|x64
		{F112D4A0-520A-4981-85EE-11081052B4CE}.Debug|x64.Build.0 = Debug|x64
		{F112D4A0-520A-4981-85EE-11081052B4CE}.Debug|x86.ActiveCfg = Debug|Win32
		{F112D4A0-520A-4981-85EE-11081052B4CE}.Debug|x86.Build.0 = Debug|Win32
		{F112D4A0-520A-4981-85EE-11081052B4CE}.Release|x64.ActiveCfg = Release|x64
		{F112D4A0-520A-4981-85EE-11081052B4CE}.Release|x64.Build.0 = Release|x64
		{F112D4A0-520A-4981-85EE-11081052B4CE}.Release|x86.ActiveCfg = Release|Win32
		{F112D4A0-520A-4981-85EE-11081052B4CE}.Release|x86.Build.0 = Release|Win32
		{E7704A32-6B05-423A-ADCA-2D583213855C}.Debug|x64.ActiveCfg = Debug|x64
		{E7704A32-6B05-423A-ADCA-2D583213855C}.Debug|x64.Build.0 = Debug|x64
		{E7704A32-6B05-423A-ADCA-2D583213855C}.Debug|x86.ActiveCfg = Debug|Win32
		{E7704A32-6B05-423A-ADCA-2D583213855C}.Debug|x86.Build.0 = Debug|Win32
		{E7704A32-6B05-423A-ADCA-2D583213855C}.Release|x64.ActiveCfg = Release|x64
		{E7704A32-6B05-423A-ADCA-2D583213855C}.Release|x64.Build.0 = Release|x64
		{E7704A32-6B05-423A-ADCA-2D583213855C}.Release|x86.ActiveCfg = Release|Win32
		{E7704A32-6B05-423A-ADCA-2D583213855C}.Release|x86.Build.0 = Release|Win32
		{0FE4E169-A0CE-4349-AE7A-4B64C2DFD2F7}.Debug|x64.ActiveCfg = Debug|x64
		{0FE4E169-A0CE-4349-AE7A-4B64C2DFD2F7}.Debug|x64.Build.0 = Debug|x64
		{0FE4E169-A0CE-4349-AE7A-4B64C2DFD2F7}.Debug|x86.ActiveCfg = Debug|Win32
		{0FE4E169-A0CE-4349-AE7A-4B64C2DFD2F7}.Debug|x86.Build.0 = Debug|Win32
		{0FE4E169-A0CE-4349-AE7A-4B64C2DFD2F7}.Release|x64.ActiveCfg = Release|x64
		{0FE4E169-A0CE-4349-AE7A-4B64C2DFD2F7}.Release|x64.Build.0 = Release|x64
		{0FE4E169-A0CE-4349-AE7A-4B64C2DFD2F7}.Release|x86.ActiveCfg = Release|Win32
		{0FE4E169-A0CE-4349-AE7A-4B64C2DFD2F7}.Release|x86.Build.0 = Release|Win32
		{26C77F07-1795-494F-B087-42DA321EEE0A}.Debug|x64.ActiveCfg = Debug|x64
		{26C77F07-1795-494F-B087-42DA321EEE0A}.Debug|x64.Build.0 = Debug|x64
		{26C77F07-1795-494F-B087-42DA321EEE0A}.Debug|x86.ActiveCfg = Debug|Win32
		{26C77F07-1795-494F-B087-42DA321EEE0A}.Debug|x86.Build.0 = Debug|Win32
		{26C77F07-1795-494F-B087-42DA321EEE0A}.Release|x64.ActiveCfg = Release|x64
		{26C77F07-1795-494F-B087-42DA321EEE0A}.Release|x64.Build.0 = Release|x64
		{26C77F07-1795-494F-B087-42DA321EEE0A}.Release|x86.ActiveCfg = Release|Win32
		{26C77F07-1795-494F-B087-42DA321EEE0A}.Release|x86.Build.0 = Release|Win32
		{6EBA9189-3147-4EBA-AA4F-CF56FB15416E}.Debug|x64.ActiveCfg = Debug|x64
		{6EBA9189-3147-4EBA-AA4F-CF56FB15416E}.Debug|x64.Build.0 = Debug|x64
		{6EBA9189-3147-4EBA-AA4F-CF56FB15416E}.Debug|x86.ActiveCfg = Debug|Win32
		{6EBA9189-3147-4EBA-AA4F-CF56FB15416E}.Debug|x86.Build.0 = Debug|Win32
		{6EBA9189-3147-4EBA-AA4F-CF56FB15416E}.Release|x64.ActiveCfg = Release|x64
		{6EBA9189-3147-4EBA-AA4F-CF56FB15416E}.Release|x64.Build.0 = Release|x64
		{6EBA9189-3147-4EBA-AA4F-CF56FB15416E}.Release|x86.ActiveCfg = Release|Win32
		{6EBA9189-3147-4EBA-AA4F-CF56FB15416E}.Release|x86.Build.0 = Release|Win32
		{35C47FE1-81F9-49B7-B3B6-1777ACC269D6}.Debug|x64.ActiveCfg = Debug|x64
		{35C47FE1-81F9-49B7-B3B6-1777ACC269D6}.Debug|x64.Build.0 = Debug|x64
		{35C47FE1-81F9-49B7-B3B6-1777ACC269D6}.Debug|x86.ActiveCfg = Debug|Win32
		{35C47FE1-81F9-49B7-B3B6-1777ACC269D6}.Debug|x86.Build.0 = Debug|Win32
		{35C47FE1-81F9-49B7-B3B6-1777ACC269D6}.Release|x64.ActiveCfg = Release|x64
		{35C47FE1-81F9-49B7-B3B6-1777ACC269D6}.Release|x64.Build.0 = Release|x64
		{35C47FE1-81F9-49B7-B3B6-1777ACC269D6}.Release|x86.ActiveCfg = Release|Win32
		{35C47FE1-81F9-49B7-B3B6-1777ACC269D6}.Release|x86.Build.0 = Release|Win32
		{B5E42114-3D63-4184-8E65-DAEF75AC7150}.Debug|x64.ActiveCfg = Debug|x64
		{B5E42114-3D63-4184-8E65-DAEF75AC7150}.Debug|x64.Build.0 = Debug|x64
		{B5E42114-3D63-4184-8E65-DAEF75AC7150}.Debug|x86.ActiveCfg = Debug|Win32
		{B5E42114-3D63-4184-8E65-DAEF75AC7150}.Debug|x86.Build.0 = Debug|Win32
		{B5E42114-3D63-4184-8E65-DAEF75AC7150}.Release|x64.ActiveCfg = Release|x64
		{B5E42114-3D63-4184-8E65-DAEF75AC7150}.Release|x64.Build.0 = Release|x64
		{B5E42114-3D63-4184-8E65-DAEF75AC7150}.Release|x86.ActiveCfg = Release|Win32
		{B5E42114-3D63-4184-8E65-DAEF75AC7150}.Release|x86.Build.0 = Release|Win32
		{0EE3378F-F403-4AC8-BDA0-3B4AEC1511E7}.Debug|x64.ActiveCfg = Debug|x64
		{0EE3378F-F403-4AC8-BDA0-3B4AEC1511E7}.Debug|x64.Build.0 = Debug|x64
		{0EE3378F-F403-4AC8-BDA0-3B4AEC1511E7}.Debug|x86.ActiveCfg = Debug|Win32
		{0EE3378F-F403-4AC8-BDA0-3B4AEC1511E7}.Debug|x86.Build.0 = Debug|Win32
		{0EE3378F-F403-4AC8-BDA0-3B4AEC1511E7}.Release|x64.ActiveCfg = Release|x64
		{0EE3378F-F403-4AC8-BDA0-3B4AEC1511E7}.Release|x64.Build.0 = Release|x64
		{0EE3378F-F403-4AC8-BDA0-3B4AEC1511E7}.Release|x86.ActiveCfg = Release|Win32
		{0EE3378F-F403-4AC8-BDA0-3B4AEC1511E7}.Release|x86.Build.0 = Release|Win32
		{F98F00E5-F0B4-4756-B2D8-EA09DA1764E8}.Debug|x64.ActiveCfg = Debug|x64
		{F98F00E5-F0B4-4756-B2D8-EA09DA1764E8}.Debug|x64.Build.0 = Debug|x64
		{F98F00E5-F0B4-4756-B2D8-EA09DA1764E8}.Debug|x86.ActiveCfg = Debug|Win32
		{F98F00E5-F0B4-4756-B2D8-EA09DA1764E8}.Debug|x86.Build.0 = Debug|Win32
		{F98F00E5-F0B4-4756-B2D8-EA09DA1764E8}.Release|x64.ActiveCfg = Release|x64
		{F98F00E5-F0B4-4756-B2D8-EA09DA1764E8}.Release|x64.Build.0 = Release|x64
		{F98F00E5-F0B4-4756-B2D8-EA09DA1764E8}.Release|x86.ActiveCfg = Release|Win32
		{F98F00E5-F0B4-4756-B2D8-EA09DA1764E8}.Release|x86.Build.0 = Release|Win32
		{A210DDD2-3E33-474E-B567-3A5E7F6DDEF2}.Debug|x64.ActiveCfg = Debug|x64
		{A210DDD2-3E33-474E-B567-3A5E7F6DDEF2}.Debug|x64.Build.0 = Debug|x64
		{A210DDD2-3E33-474E-B567-3A5E7F6DDEF2}.Debug|x86.ActiveCfg = Debug|Win32
		{A210DDD2-3E33-474E-B567-3A5E7F6DDEF2}.Debug|x86.Build.0 = Debug|Win32
		{A210DDD2-3E33-474E-B567-3A5E7F6DDEF2}.Release|x64.ActiveCfg = Release|x64
		{A210DDD2-3E33-474E-B567-3A5E7F6DDEF2}.Release|x64.Build.0 = Release|x64
		{A210DDD2-3E33-474E-B567-3A5E7F6DDEF2}.Release|x86.ActiveCfg = Release|Win32
		{A210DDD2-3E33-474E-B567-3A5E7F6DDEF2}.Release|x86.Build.0 = Release|Win32
	EndGlobalSection
	GlobalSection(SolutionProperties) = preSolution
		HideSolutionNode = FALSE
	EndGlobalSection
	GlobalSection(ExtensibilityGlobals) = postSolution
		SolutionGuid = {7EF5CF0B-B80D-44ED-9F60-D76BFF79E6CC}
	EndGlobalSection
EndGlobal
