
Microsoft Visual Studio Solution File, Format Version 12.00
# Visual Studio Version 17
VisualStudioVersion = 17.8.34330.188
MinimumVisualStudioVersion = 10.0.40219.1
Project("{8BC9CEB8-8B4A-11D0-8D11-00A0C91BC942}") = "lab13", "lab13\lab13.vcxproj", "{D1F43FC4-8C8A-4E0B-8AA3-70BA594449E2}"
EndProject
Project("{8BC9CEB8-8B4A-11D0-8D11-00A0C91BC942}") = "dop1", "dop1\dop1.vcxproj", "{679E2400-EA06-4CC4-AEF8-30E1C082C836}"
EndProject
Project("{8BC9CEB8-8B4A-11D0-8D11-00A0C91BC942}") = "dop2", "dop2\dop2.vcxproj", "{577C1E48-F599-489D-8F71-32EB22493CEF}"
EndProject
Project("{8BC9CEB8-8B4A-11D0-8D11-00A0C91BC942}") = "dop3", "dop3\dop3.vcxproj", "{5A94EE8F-E0E4-4D81-A026-EA1B11F52AA0}"
EndProject
Project("{8BC9CEB8-8B4A-11D0-8D11-00A0C91BC942}") = "zad1.2", "zad1.2\zad1.2.vcxproj", "{28A4FEB0-542C-402D-90B7-F2EB3CA84D86}"
EndProject
Project("{8BC9CEB8-8B4A-11D0-8D11-00A0C91BC942}") = "zad3", "zad3\zad3.vcxproj", "{B32FA0B3-4304-460A-AFBC-5281E2289BFF}"
EndProject
Project("{8BC9CEB8-8B4A-11D0-8D11-00A0C91BC942}") = "zad2", "zad2\zad2.vcxproj", "{3FC2B254-D752-4D30-B80F-157421A49BD8}"
EndProject
Project("{8BC9CEB8-8B4A-11D0-8D11-00A0C91BC942}") = "zad4", "zad4\zad4.vcxproj", "{C5F98341-5F60-4655-BB08-58971806DD89}"
EndProject
Project("{8BC9CEB8-8B4A-11D0-8D11-00A0C91BC942}") = "zad5.1", "zad5.1\zad5.1.vcxproj", "{1CAA72DC-E202-419E-A7D5-EC5E8BD9E8A5}"
EndProject
Project("{8BC9CEB8-8B4A-11D0-8D11-00A0C91BC942}") = "zad5.2", "zad5.2\zad5.2.vcxproj", "{3D134E58-957E-45A2-A951-5CA63276B9BA}"
EndProject
Project("{8BC9CEB8-8B4A-11D0-8D11-00A0C91BC942}") = "var8(2)", "var8(2)\var8(2).vcxproj", "{12333341-C0B0-4278-B426-C1F67C47AB41}"
EndProject
Project("{8BC9CEB8-8B4A-11D0-8D11-00A0C91BC942}") = "var8(1)", "var8(1)\var8(1).vcxproj", "{B9F0EEB6-A24D-4A29-9164-897995F12C29}"
EndProject
Global
	GlobalSection(SolutionConfigurationPlatforms) = preSolution
		Debug|x64 = Debug|x64
		Debug|x86 = Debug|x86
		Release|x64 = Release|x64
		Release|x86 = Release|x86
	EndGlobalSection
	GlobalSection(ProjectConfigurationPlatforms) = postSolution
		{D1F43FC4-8C8A-4E0B-8AA3-70BA594449E2}.Debug|x64.ActiveCfg = Debug|x64
		{D1F43FC4-8C8A-4E0B-8AA3-70BA594449E2}.Debug|x64.Build.0 = Debug|x64
		{D1F43FC4-8C8A-4E0B-8AA3-70BA594449E2}.Debug|x86.ActiveCfg = Debug|Win32
		{D1F43FC4-8C8A-4E0B-8AA3-70BA594449E2}.Debug|x86.Build.0 = Debug|Win32
		{D1F43FC4-8C8A-4E0B-8AA3-70BA594449E2}.Release|x64.ActiveCfg = Release|x64
		{D1F43FC4-8C8A-4E0B-8AA3-70BA594449E2}.Release|x64.Build.0 = Release|x64
		{D1F43FC4-8C8A-4E0B-8AA3-70BA594449E2}.Release|x86.ActiveCfg = Release|Win32
		{D1F43FC4-8C8A-4E0B-8AA3-70BA594449E2}.Release|x86.Build.0 = Release|Win32
		{679E2400-EA06-4CC4-AEF8-30E1C082C836}.Debug|x64.ActiveCfg = Debug|x64
		{679E2400-EA06-4CC4-AEF8-30E1C082C836}.Debug|x64.Build.0 = Debug|x64
		{679E2400-EA06-4CC4-AEF8-30E1C082C836}.Debug|x86.ActiveCfg = Debug|Win32
		{679E2400-EA06-4CC4-AEF8-30E1C082C836}.Debug|x86.Build.0 = Debug|Win32
		{679E2400-EA06-4CC4-AEF8-30E1C082C836}.Release|x64.ActiveCfg = Release|x64
		{679E2400-EA06-4CC4-AEF8-30E1C082C836}.Release|x64.Build.0 = Release|x64
		{679E2400-EA06-4CC4-AEF8-30E1C082C836}.Release|x86.ActiveCfg = Release|Win32
		{679E2400-EA06-4CC4-AEF8-30E1C082C836}.Release|x86.Build.0 = Release|Win32
		{577C1E48-F599-489D-8F71-32EB22493CEF}.Debug|x64.ActiveCfg = Debug|x64
		{577C1E48-F599-489D-8F71-32EB22493CEF}.Debug|x64.Build.0 = Debug|x64
		{577C1E48-F599-489D-8F71-32EB22493CEF}.Debug|x86.ActiveCfg = Debug|Win32
		{577C1E48-F599-489D-8F71-32EB22493CEF}.Debug|x86.Build.0 = Debug|Win32
		{577C1E48-F599-489D-8F71-32EB22493CEF}.Release|x64.ActiveCfg = Release|x64
		{577C1E48-F599-489D-8F71-32EB22493CEF}.Release|x64.Build.0 = Release|x64
		{577C1E48-F599-489D-8F71-32EB22493CEF}.Release|x86.ActiveCfg = Release|Win32
		{577C1E48-F599-489D-8F71-32EB22493CEF}.Release|x86.Build.0 = Release|Win32
		{5A94EE8F-E0E4-4D81-A026-EA1B11F52AA0}.Debug|x64.ActiveCfg = Debug|x64
		{5A94EE8F-E0E4-4D81-A026-EA1B11F52AA0}.Debug|x64.Build.0 = Debug|x64
		{5A94EE8F-E0E4-4D81-A026-EA1B11F52AA0}.Debug|x86.ActiveCfg = Debug|Win32
		{5A94EE8F-E0E4-4D81-A026-EA1B11F52AA0}.Debug|x86.Build.0 = Debug|Win32
		{5A94EE8F-E0E4-4D81-A026-EA1B11F52AA0}.Release|x64.ActiveCfg = Release|x64
		{5A94EE8F-E0E4-4D81-A026-EA1B11F52AA0}.Release|x64.Build.0 = Release|x64
		{5A94EE8F-E0E4-4D81-A026-EA1B11F52AA0}.Release|x86.ActiveCfg = Release|Win32
		{5A94EE8F-E0E4-4D81-A026-EA1B11F52AA0}.Release|x86.Build.0 = Release|Win32
		{28A4FEB0-542C-402D-90B7-F2EB3CA84D86}.Debug|x64.ActiveCfg = Debug|x64
		{28A4FEB0-542C-402D-90B7-F2EB3CA84D86}.Debug|x64.Build.0 = Debug|x64
		{28A4FEB0-542C-402D-90B7-F2EB3CA84D86}.Debug|x86.ActiveCfg = Debug|Win32
		{28A4FEB0-542C-402D-90B7-F2EB3CA84D86}.Debug|x86.Build.0 = Debug|Win32
		{28A4FEB0-542C-402D-90B7-F2EB3CA84D86}.Release|x64.ActiveCfg = Release|x64
		{28A4FEB0-542C-402D-90B7-F2EB3CA84D86}.Release|x64.Build.0 = Release|x64
		{28A4FEB0-542C-402D-90B7-F2EB3CA84D86}.Release|x86.ActiveCfg = Release|Win32
		{28A4FEB0-542C-402D-90B7-F2EB3CA84D86}.Release|x86.Build.0 = Release|Win32
		{B32FA0B3-4304-460A-AFBC-5281E2289BFF}.Debug|x64.ActiveCfg = Debug|x64
		{B32FA0B3-4304-460A-AFBC-5281E2289BFF}.Debug|x64.Build.0 = Debug|x64
		{B32FA0B3-4304-460A-AFBC-5281E2289BFF}.Debug|x86.ActiveCfg = Debug|Win32
		{B32FA0B3-4304-460A-AFBC-5281E2289BFF}.Debug|x86.Build.0 = Debug|Win32
		{B32FA0B3-4304-460A-AFBC-5281E2289BFF}.Release|x64.ActiveCfg = Release|x64
		{B32FA0B3-4304-460A-AFBC-5281E2289BFF}.Release|x64.Build.0 = Release|x64
		{B32FA0B3-4304-460A-AFBC-5281E2289BFF}.Release|x86.ActiveCfg = Release|Win32
		{B32FA0B3-4304-460A-AFBC-5281E2289BFF}.Release|x86.Build.0 = Release|Win32
		{3FC2B254-D752-4D30-B80F-157421A49BD8}.Debug|x64.ActiveCfg = Debug|x64
		{3FC2B254-D752-4D30-B80F-157421A49BD8}.Debug|x64.Build.0 = Debug|x64
		{3FC2B254-D752-4D30-B80F-157421A49BD8}.Debug|x86.ActiveCfg = Debug|Win32
		{3FC2B254-D752-4D30-B80F-157421A49BD8}.Debug|x86.Build.0 = Debug|Win32
		{3FC2B254-D752-4D30-B80F-157421A49BD8}.Release|x64.ActiveCfg = Release|x64
		{3FC2B254-D752-4D30-B80F-157421A49BD8}.Release|x64.Build.0 = Release|x64
		{3FC2B254-D752-4D30-B80F-157421A49BD8}.Release|x86.ActiveCfg = Release|Win32
		{3FC2B254-D752-4D30-B80F-157421A49BD8}.Release|x86.Build.0 = Release|Win32
		{C5F98341-5F60-4655-BB08-58971806DD89}.Debug|x64.ActiveCfg = Debug|x64
		{C5F98341-5F60-4655-BB08-58971806DD89}.Debug|x64.Build.0 = Debug|x64
		{C5F98341-5F60-4655-BB08-58971806DD89}.Debug|x86.ActiveCfg = Debug|Win32
		{C5F98341-5F60-4655-BB08-58971806DD89}.Debug|x86.Build.0 = Debug|Win32
		{C5F98341-5F60-4655-BB08-58971806DD89}.Release|x64.ActiveCfg = Release|x64
		{C5F98341-5F60-4655-BB08-58971806DD89}.Release|x64.Build.0 = Release|x64
		{C5F98341-5F60-4655-BB08-58971806DD89}.Release|x86.ActiveCfg = Release|Win32
		{C5F98341-5F60-4655-BB08-58971806DD89}.Release|x86.Build.0 = Release|Win32
		{1CAA72DC-E202-419E-A7D5-EC5E8BD9E8A5}.Debug|x64.ActiveCfg = Debug|x64
		{1CAA72DC-E202-419E-A7D5-EC5E8BD9E8A5}.Debug|x64.Build.0 = Debug|x64
		{1CAA72DC-E202-419E-A7D5-EC5E8BD9E8A5}.Debug|x86.ActiveCfg = Debug|Win32
		{1CAA72DC-E202-419E-A7D5-EC5E8BD9E8A5}.Debug|x86.Build.0 = Debug|Win32
		{1CAA72DC-E202-419E-A7D5-EC5E8BD9E8A5}.Release|x64.ActiveCfg = Release|x64
		{1CAA72DC-E202-419E-A7D5-EC5E8BD9E8A5}.Release|x64.Build.0 = Release|x64
		{1CAA72DC-E202-419E-A7D5-EC5E8BD9E8A5}.Release|x86.ActiveCfg = Release|Win32
		{1CAA72DC-E202-419E-A7D5-EC5E8BD9E8A5}.Release|x86.Build.0 = Release|Win32
		{3D134E58-957E-45A2-A951-5CA63276B9BA}.Debug|x64.ActiveCfg = Debug|x64
		{3D134E58-957E-45A2-A951-5CA63276B9BA}.Debug|x64.Build.0 = Debug|x64
		{3D134E58-957E-45A2-A951-5CA63276B9BA}.Debug|x86.ActiveCfg = Debug|Win32
		{3D134E58-957E-45A2-A951-5CA63276B9BA}.Debug|x86.Build.0 = Debug|Win32
		{3D134E58-957E-45A2-A951-5CA63276B9BA}.Release|x64.ActiveCfg = Release|x64
		{3D134E58-957E-45A2-A951-5CA63276B9BA}.Release|x64.Build.0 = Release|x64
		{3D134E58-957E-45A2-A951-5CA63276B9BA}.Release|x86.ActiveCfg = Release|Win32
		{3D134E58-957E-45A2-A951-5CA63276B9BA}.Release|x86.Build.0 = Release|Win32
		{12333341-C0B0-4278-B426-C1F67C47AB41}.Debug|x64.ActiveCfg = Debug|x64
		{12333341-C0B0-4278-B426-C1F67C47AB41}.Debug|x64.Build.0 = Debug|x64
		{12333341-C0B0-4278-B426-C1F67C47AB41}.Debug|x86.ActiveCfg = Debug|Win32
		{12333341-C0B0-4278-B426-C1F67C47AB41}.Debug|x86.Build.0 = Debug|Win32
		{12333341-C0B0-4278-B426-C1F67C47AB41}.Release|x64.ActiveCfg = Release|x64
		{12333341-C0B0-4278-B426-C1F67C47AB41}.Release|x64.Build.0 = Release|x64
		{12333341-C0B0-4278-B426-C1F67C47AB41}.Release|x86.ActiveCfg = Release|Win32
		{12333341-C0B0-4278-B426-C1F67C47AB41}.Release|x86.Build.0 = Release|Win32
		{B9F0EEB6-A24D-4A29-9164-897995F12C29}.Debug|x64.ActiveCfg = Debug|x64
		{B9F0EEB6-A24D-4A29-9164-897995F12C29}.Debug|x64.Build.0 = Debug|x64
		{B9F0EEB6-A24D-4A29-9164-897995F12C29}.Debug|x86.ActiveCfg = Debug|Win32
		{B9F0EEB6-A24D-4A29-9164-897995F12C29}.Debug|x86.Build.0 = Debug|Win32
		{B9F0EEB6-A24D-4A29-9164-897995F12C29}.Release|x64.ActiveCfg = Release|x64
		{B9F0EEB6-A24D-4A29-9164-897995F12C29}.Release|x64.Build.0 = Release|x64
		{B9F0EEB6-A24D-4A29-9164-897995F12C29}.Release|x86.ActiveCfg = Release|Win32
		{B9F0EEB6-A24D-4A29-9164-897995F12C29}.Release|x86.Build.0 = Release|Win32
	EndGlobalSection
	GlobalSection(SolutionProperties) = preSolution
		HideSolutionNode = FALSE
	EndGlobalSection
	GlobalSection(ExtensibilityGlobals) = postSolution
		SolutionGuid = {BA907996-D4F5-4037-B46B-FBB9AE0C68C2}
	EndGlobalSection
EndGlobal
