
Microsoft Visual Studio Solution File, Format Version 12.00
# Visual Studio Version 17
VisualStudioVersion = 17.8.34330.188
MinimumVisualStudioVersion = 10.0.40219.1
Project("{8BC9CEB8-8B4A-11D0-8D11-00A0C91BC942}") = "lab12", "lab12\lab12.vcxproj", "{DA622961-810E-4188-965F-1869C4E89B77}"
EndProject
Project("{8BC9CEB8-8B4A-11D0-8D11-00A0C91BC942}") = "var14(1)", "var14(1)\var14(1).vcxproj", "{EB4B3D67-3874-4D43-8CDA-E0DAD98F7C76}"
EndProject
Project("{8BC9CEB8-8B4A-11D0-8D11-00A0C91BC942}") = "var14(2)", "var14(2)\var14(2).vcxproj", "{7C3AA10F-26F8-493B-AB04-E51E6C66AED3}"
EndProject
Project("{8BC9CEB8-8B4A-11D0-8D11-00A0C91BC942}") = "zad1.2", "zad1.2\zad1.2.vcxproj", "{F570BAD0-0638-49EA-AED5-8129FBB885AB}"
EndProject
Project("{8BC9CEB8-8B4A-11D0-8D11-00A0C91BC942}") = "zad3", "zad3\zad3.vcxproj", "{6314D324-0A69-422F-B5F6-BED2B0396FF4}"
EndProject
Project("{8BC9CEB8-8B4A-11D0-8D11-00A0C91BC942}") = "zad4", "zad4\zad4.vcxproj", "{2448442F-A367-4C76-90C4-AED1735D68DC}"
EndProject
Project("{8BC9CEB8-8B4A-11D0-8D11-00A0C91BC942}") = "zad4.2", "zad4.2\zad4.2.vcxproj", "{04DF9A34-1B3E-4D80-887D-2EA473F99B5B}"
EndProject
Project("{8BC9CEB8-8B4A-11D0-8D11-00A0C91BC942}") = "zad2.1", "zad2.1\zad2.1.vcxproj", "{79D003BE-D0BC-49F4-B086-3AE63B86200B}"
EndProject
Project("{8BC9CEB8-8B4A-11D0-8D11-00A0C91BC942}") = "zad2.2", "zad2.2\zad2.2.vcxproj", "{987DCFA4-FDE2-4A4F-BB9F-8E159C4E90A0}"
EndProject
Project("{8BC9CEB8-8B4A-11D0-8D11-00A0C91BC942}") = "zad2.3", "zad2.3\zad2.3.vcxproj", "{5732D0E0-D68D-4CEB-97D3-30410598A91F}"
EndProject
Project("{8BC9CEB8-8B4A-11D0-8D11-00A0C91BC942}") = "zad2(programa)", "zad2(programa)\zad2(programa).vcxproj", "{3DAED8CB-08FD-4399-9FE7-638EB31F9C52}"
EndProject
Project("{8BC9CEB8-8B4A-11D0-8D11-00A0C91BC942}") = "var8(1)", "var8(1)\var8(1).vcxproj", "{5BC83CD5-B45F-40DE-980C-5288C52DCD2A}"
EndProject
Project("{8BC9CEB8-8B4A-11D0-8D11-00A0C91BC942}") = "var8(2)", "var8(2)\var8(2).vcxproj", "{F2AE1F9B-590C-4EBB-A50D-EBD6F73C1A8F}"
EndProject
Project("{8BC9CEB8-8B4A-11D0-8D11-00A0C91BC942}") = "var4(1)", "var4(1)\var4(1).vcxproj", "{E57A6668-66F1-4EDE-9F82-687FD76CDB71}"
EndProject
Project("{8BC9CEB8-8B4A-11D0-8D11-00A0C91BC942}") = "var4(2)", "var4(2)\var4(2).vcxproj", "{E7E99900-A3B0-480C-BB04-550CA5347A82}"
EndProject
Project("{8BC9CEB8-8B4A-11D0-8D11-00A0C91BC942}") = "var9(1)", "var9(1)\var9(1).vcxproj", "{4208A046-5981-41DB-AD85-A85AEF0E1651}"
EndProject
Project("{8BC9CEB8-8B4A-11D0-8D11-00A0C91BC942}") = "var9(2)", "var9(2)\var9(2).vcxproj", "{DE0F3912-B867-4E69-A197-6308E6769299}"
EndProject
Global
	GlobalSection(SolutionConfigurationPlatforms) = preSolution
		Debug|x64 = Debug|x64
		Debug|x86 = Debug|x86
		Release|x64 = Release|x64
		Release|x86 = Release|x86
	EndGlobalSection
	GlobalSection(ProjectConfigurationPlatforms) = postSolution
		{DA622961-810E-4188-965F-1869C4E89B77}.Debug|x64.ActiveCfg = Debug|x64
		{DA622961-810E-4188-965F-1869C4E89B77}.Debug|x64.Build.0 = Debug|x64
		{DA622961-810E-4188-965F-1869C4E89B77}.Debug|x86.ActiveCfg = Debug|Win32
		{DA622961-810E-4188-965F-1869C4E89B77}.Debug|x86.Build.0 = Debug|Win32
		{DA622961-810E-4188-965F-1869C4E89B77}.Release|x64.ActiveCfg = Release|x64
		{DA622961-810E-4188-965F-1869C4E89B77}.Release|x64.Build.0 = Release|x64
		{DA622961-810E-4188-965F-1869C4E89B77}.Release|x86.ActiveCfg = Release|Win32
		{DA622961-810E-4188-965F-1869C4E89B77}.Release|x86.Build.0 = Release|Win32
		{EB4B3D67-3874-4D43-8CDA-E0DAD98F7C76}.Debug|x64.ActiveCfg = Debug|x64
		{EB4B3D67-3874-4D43-8CDA-E0DAD98F7C76}.Debug|x64.Build.0 = Debug|x64
		{EB4B3D67-3874-4D43-8CDA-E0DAD98F7C76}.Debug|x86.ActiveCfg = Debug|Win32
		{EB4B3D67-3874-4D43-8CDA-E0DAD98F7C76}.Debug|x86.Build.0 = Debug|Win32
		{EB4B3D67-3874-4D43-8CDA-E0DAD98F7C76}.Release|x64.ActiveCfg = Release|x64
		{EB4B3D67-3874-4D43-8CDA-E0DAD98F7C76}.Release|x64.Build.0 = Release|x64
		{EB4B3D67-3874-4D43-8CDA-E0DAD98F7C76}.Release|x86.ActiveCfg = Release|Win32
		{EB4B3D67-3874-4D43-8CDA-E0DAD98F7C76}.Release|x86.Build.0 = Release|Win32
		{7C3AA10F-26F8-493B-AB04-E51E6C66AED3}.Debug|x64.ActiveCfg = Debug|x64
		{7C3AA10F-26F8-493B-AB04-E51E6C66AED3}.Debug|x64.Build.0 = Debug|x64
		{7C3AA10F-26F8-493B-AB04-E51E6C66AED3}.Debug|x86.ActiveCfg = Debug|Win32
		{7C3AA10F-26F8-493B-AB04-E51E6C66AED3}.Debug|x86.Build.0 = Debug|Win32
		{7C3AA10F-26F8-493B-AB04-E51E6C66AED3}.Release|x64.ActiveCfg = Release|x64
		{7C3AA10F-26F8-493B-AB04-E51E6C66AED3}.Release|x64.Build.0 = Release|x64
		{7C3AA10F-26F8-493B-AB04-E51E6C66AED3}.Release|x86.ActiveCfg = Release|Win32
		{7C3AA10F-26F8-493B-AB04-E51E6C66AED3}.Release|x86.Build.0 = Release|Win32
		{F570BAD0-0638-49EA-AED5-8129FBB885AB}.Debug|x64.ActiveCfg = Debug|x64
		{F570BAD0-0638-49EA-AED5-8129FBB885AB}.Debug|x64.Build.0 = Debug|x64
		{F570BAD0-0638-49EA-AED5-8129FBB885AB}.Debug|x86.ActiveCfg = Debug|Win32
		{F570BAD0-0638-49EA-AED5-8129FBB885AB}.Debug|x86.Build.0 = Debug|Win32
		{F570BAD0-0638-49EA-AED5-8129FBB885AB}.Release|x64.ActiveCfg = Release|x64
		{F570BAD0-0638-49EA-AED5-8129FBB885AB}.Release|x64.Build.0 = Release|x64
		{F570BAD0-0638-49EA-AED5-8129FBB885AB}.Release|x86.ActiveCfg = Release|Win32
		{F570BAD0-0638-49EA-AED5-8129FBB885AB}.Release|x86.Build.0 = Release|Win32
		{6314D324-0A69-422F-B5F6-BED2B0396FF4}.Debug|x64.ActiveCfg = Debug|x64
		{6314D324-0A69-422F-B5F6-BED2B0396FF4}.Debug|x64.Build.0 = Debug|x64
		{6314D324-0A69-422F-B5F6-BED2B0396FF4}.Debug|x86.ActiveCfg = Debug|Win32
		{6314D324-0A69-422F-B5F6-BED2B0396FF4}.Debug|x86.Build.0 = Debug|Win32
		{6314D324-0A69-422F-B5F6-BED2B0396FF4}.Release|x64.ActiveCfg = Release|x64
		{6314D324-0A69-422F-B5F6-BED2B0396FF4}.Release|x64.Build.0 = Release|x64
		{6314D324-0A69-422F-B5F6-BED2B0396FF4}.Release|x86.ActiveCfg = Release|Win32
		{6314D324-0A69-422F-B5F6-BED2B0396FF4}.Release|x86.Build.0 = Release|Win32
		{2448442F-A367-4C76-90C4-AED1735D68DC}.Debug|x64.ActiveCfg = Debug|x64
		{2448442F-A367-4C76-90C4-AED1735D68DC}.Debug|x64.Build.0 = Debug|x64
		{2448442F-A367-4C76-90C4-AED1735D68DC}.Debug|x86.ActiveCfg = Debug|Win32
		{2448442F-A367-4C76-90C4-AED1735D68DC}.Debug|x86.Build.0 = Debug|Win32
		{2448442F-A367-4C76-90C4-AED1735D68DC}.Release|x64.ActiveCfg = Release|x64
		{2448442F-A367-4C76-90C4-AED1735D68DC}.Release|x64.Build.0 = Release|x64
		{2448442F-A367-4C76-90C4-AED1735D68DC}.Release|x86.ActiveCfg = Release|Win32
		{2448442F-A367-4C76-90C4-AED1735D68DC}.Release|x86.Build.0 = Release|Win32
		{04DF9A34-1B3E-4D80-887D-2EA473F99B5B}.Debug|x64.ActiveCfg = Debug|x64
		{04DF9A34-1B3E-4D80-887D-2EA473F99B5B}.Debug|x64.Build.0 = Debug|x64
		{04DF9A34-1B3E-4D80-887D-2EA473F99B5B}.Debug|x86.ActiveCfg = Debug|Win32
		{04DF9A34-1B3E-4D80-887D-2EA473F99B5B}.Debug|x86.Build.0 = Debug|Win32
		{04DF9A34-1B3E-4D80-887D-2EA473F99B5B}.Release|x64.ActiveCfg = Release|x64
		{04DF9A34-1B3E-4D80-887D-2EA473F99B5B}.Release|x64.Build.0 = Release|x64
		{04DF9A34-1B3E-4D80-887D-2EA473F99B5B}.Release|x86.ActiveCfg = Release|Win32
		{04DF9A34-1B3E-4D80-887D-2EA473F99B5B}.Release|x86.Build.0 = Release|Win32
		{79D003BE-D0BC-49F4-B086-3AE63B86200B}.Debug|x64.ActiveCfg = Debug|x64
		{79D003BE-D0BC-49F4-B086-3AE63B86200B}.Debug|x64.Build.0 = Debug|x64
		{79D003BE-D0BC-49F4-B086-3AE63B86200B}.Debug|x86.ActiveCfg = Debug|Win32
		{79D003BE-D0BC-49F4-B086-3AE63B86200B}.Debug|x86.Build.0 = Debug|Win32
		{79D003BE-D0BC-49F4-B086-3AE63B86200B}.Release|x64.ActiveCfg = Release|x64
		{79D003BE-D0BC-49F4-B086-3AE63B86200B}.Release|x64.Build.0 = Release|x64
		{79D003BE-D0BC-49F4-B086-3AE63B86200B}.Release|x86.ActiveCfg = Release|Win32
		{79D003BE-D0BC-49F4-B086-3AE63B86200B}.Release|x86.Build.0 = Release|Win32
		{987DCFA4-FDE2-4A4F-BB9F-8E159C4E90A0}.Debug|x64.ActiveCfg = Debug|x64
		{987DCFA4-FDE2-4A4F-BB9F-8E159C4E90A0}.Debug|x64.Build.0 = Debug|x64
		{987DCFA4-FDE2-4A4F-BB9F-8E159C4E90A0}.Debug|x86.ActiveCfg = Debug|Win32
		{987DCFA4-FDE2-4A4F-BB9F-8E159C4E90A0}.Debug|x86.Build.0 = Debug|Win32
		{987DCFA4-FDE2-4A4F-BB9F-8E159C4E90A0}.Release|x64.ActiveCfg = Release|x64
		{987DCFA4-FDE2-4A4F-BB9F-8E159C4E90A0}.Release|x64.Build.0 = Release|x64
		{987DCFA4-FDE2-4A4F-BB9F-8E159C4E90A0}.Release|x86.ActiveCfg = Release|Win32
		{987DCFA4-FDE2-4A4F-BB9F-8E159C4E90A0}.Release|x86.Build.0 = Release|Win32
		{5732D0E0-D68D-4CEB-97D3-30410598A91F}.Debug|x64.ActiveCfg = Debug|x64
		{5732D0E0-D68D-4CEB-97D3-30410598A91F}.Debug|x64.Build.0 = Debug|x64
		{5732D0E0-D68D-4CEB-97D3-30410598A91F}.Debug|x86.ActiveCfg = Debug|Win32
		{5732D0E0-D68D-4CEB-97D3-30410598A91F}.Debug|x86.Build.0 = Debug|Win32
		{5732D0E0-D68D-4CEB-97D3-30410598A91F}.Release|x64.ActiveCfg = Release|x64
		{5732D0E0-D68D-4CEB-97D3-30410598A91F}.Release|x64.Build.0 = Release|x64
		{5732D0E0-D68D-4CEB-97D3-30410598A91F}.Release|x86.ActiveCfg = Release|Win32
		{5732D0E0-D68D-4CEB-97D3-30410598A91F}.Release|x86.Build.0 = Release|Win32
		{3DAED8CB-08FD-4399-9FE7-638EB31F9C52}.Debug|x64.ActiveCfg = Debug|x64
		{3DAED8CB-08FD-4399-9FE7-638EB31F9C52}.Debug|x64.Build.0 = Debug|x64
		{3DAED8CB-08FD-4399-9FE7-638EB31F9C52}.Debug|x86.ActiveCfg = Debug|Win32
		{3DAED8CB-08FD-4399-9FE7-638EB31F9C52}.Debug|x86.Build.0 = Debug|Win32
		{3DAED8CB-08FD-4399-9FE7-638EB31F9C52}.Release|x64.ActiveCfg = Release|x64
		{3DAED8CB-08FD-4399-9FE7-638EB31F9C52}.Release|x64.Build.0 = Release|x64
		{3DAED8CB-08FD-4399-9FE7-638EB31F9C52}.Release|x86.ActiveCfg = Release|Win32
		{3DAED8CB-08FD-4399-9FE7-638EB31F9C52}.Release|x86.Build.0 = Release|Win32
		{5BC83CD5-B45F-40DE-980C-5288C52DCD2A}.Debug|x64.ActiveCfg = Debug|x64
		{5BC83CD5-B45F-40DE-980C-5288C52DCD2A}.Debug|x64.Build.0 = Debug|x64
		{5BC83CD5-B45F-40DE-980C-5288C52DCD2A}.Debug|x86.ActiveCfg = Debug|Win32
		{5BC83CD5-B45F-40DE-980C-5288C52DCD2A}.Debug|x86.Build.0 = Debug|Win32
		{5BC83CD5-B45F-40DE-980C-5288C52DCD2A}.Release|x64.ActiveCfg = Release|x64
		{5BC83CD5-B45F-40DE-980C-5288C52DCD2A}.Release|x64.Build.0 = Release|x64
		{5BC83CD5-B45F-40DE-980C-5288C52DCD2A}.Release|x86.ActiveCfg = Release|Win32
		{5BC83CD5-B45F-40DE-980C-5288C52DCD2A}.Release|x86.Build.0 = Release|Win32
		{F2AE1F9B-590C-4EBB-A50D-EBD6F73C1A8F}.Debug|x64.ActiveCfg = Debug|x64
		{F2AE1F9B-590C-4EBB-A50D-EBD6F73C1A8F}.Debug|x64.Build.0 = Debug|x64
		{F2AE1F9B-590C-4EBB-A50D-EBD6F73C1A8F}.Debug|x86.ActiveCfg = Debug|Win32
		{F2AE1F9B-590C-4EBB-A50D-EBD6F73C1A8F}.Debug|x86.Build.0 = Debug|Win32
		{F2AE1F9B-590C-4EBB-A50D-EBD6F73C1A8F}.Release|x64.ActiveCfg = Release|x64
		{F2AE1F9B-590C-4EBB-A50D-EBD6F73C1A8F}.Release|x64.Build.0 = Release|x64
		{F2AE1F9B-590C-4EBB-A50D-EBD6F73C1A8F}.Release|x86.ActiveCfg = Release|Win32
		{F2AE1F9B-590C-4EBB-A50D-EBD6F73C1A8F}.Release|x86.Build.0 = Release|Win32
		{E57A6668-66F1-4EDE-9F82-687FD76CDB71}.Debug|x64.ActiveCfg = Debug|x64
		{E57A6668-66F1-4EDE-9F82-687FD76CDB71}.Debug|x64.Build.0 = Debug|x64
		{E57A6668-66F1-4EDE-9F82-687FD76CDB71}.Debug|x86.ActiveCfg = Debug|Win32
		{E57A6668-66F1-4EDE-9F82-687FD76CDB71}.Debug|x86.Build.0 = Debug|Win32
		{E57A6668-66F1-4EDE-9F82-687FD76CDB71}.Release|x64.ActiveCfg = Release|x64
		{E57A6668-66F1-4EDE-9F82-687FD76CDB71}.Release|x64.Build.0 = Release|x64
		{E57A6668-66F1-4EDE-9F82-687FD76CDB71}.Release|x86.ActiveCfg = Release|Win32
		{E57A6668-66F1-4EDE-9F82-687FD76CDB71}.Release|x86.Build.0 = Release|Win32
		{E7E99900-A3B0-480C-BB04-550CA5347A82}.Debug|x64.ActiveCfg = Debug|x64
		{E7E99900-A3B0-480C-BB04-550CA5347A82}.Debug|x64.Build.0 = Debug|x64
		{E7E99900-A3B0-480C-BB04-550CA5347A82}.Debug|x86.ActiveCfg = Debug|Win32
		{E7E99900-A3B0-480C-BB04-550CA5347A82}.Debug|x86.Build.0 = Debug|Win32
		{E7E99900-A3B0-480C-BB04-550CA5347A82}.Release|x64.ActiveCfg = Release|x64
		{E7E99900-A3B0-480C-BB04-550CA5347A82}.Release|x64.Build.0 = Release|x64
		{E7E99900-A3B0-480C-BB04-550CA5347A82}.Release|x86.ActiveCfg = Release|Win32
		{E7E99900-A3B0-480C-BB04-550CA5347A82}.Release|x86.Build.0 = Release|Win32
		{4208A046-5981-41DB-AD85-A85AEF0E1651}.Debug|x64.ActiveCfg = Debug|x64
		{4208A046-5981-41DB-AD85-A85AEF0E1651}.Debug|x64.Build.0 = Debug|x64
		{4208A046-5981-41DB-AD85-A85AEF0E1651}.Debug|x86.ActiveCfg = Debug|Win32
		{4208A046-5981-41DB-AD85-A85AEF0E1651}.Debug|x86.Build.0 = Debug|Win32
		{4208A046-5981-41DB-AD85-A85AEF0E1651}.Release|x64.ActiveCfg = Release|x64
		{4208A046-5981-41DB-AD85-A85AEF0E1651}.Release|x64.Build.0 = Release|x64
		{4208A046-5981-41DB-AD85-A85AEF0E1651}.Release|x86.ActiveCfg = Release|Win32
		{4208A046-5981-41DB-AD85-A85AEF0E1651}.Release|x86.Build.0 = Release|Win32
		{DE0F3912-B867-4E69-A197-6308E6769299}.Debug|x64.ActiveCfg = Debug|x64
		{DE0F3912-B867-4E69-A197-6308E6769299}.Debug|x64.Build.0 = Debug|x64
		{DE0F3912-B867-4E69-A197-6308E6769299}.Debug|x86.ActiveCfg = Debug|Win32
		{DE0F3912-B867-4E69-A197-6308E6769299}.Debug|x86.Build.0 = Debug|Win32
		{DE0F3912-B867-4E69-A197-6308E6769299}.Release|x64.ActiveCfg = Release|x64
		{DE0F3912-B867-4E69-A197-6308E6769299}.Release|x64.Build.0 = Release|x64
		{DE0F3912-B867-4E69-A197-6308E6769299}.Release|x86.ActiveCfg = Release|Win32
		{DE0F3912-B867-4E69-A197-6308E6769299}.Release|x86.Build.0 = Release|Win32
	EndGlobalSection
	GlobalSection(SolutionProperties) = preSolution
		HideSolutionNode = FALSE
	EndGlobalSection
	GlobalSection(ExtensibilityGlobals) = postSolution
		SolutionGuid = {EE8E0A7E-AA0B-468B-84A4-32E11197FF29}
	EndGlobalSection
EndGlobal
