
Microsoft Visual Studio Solution File, Format Version 12.00
# Visual Studio Version 17
VisualStudioVersion = 17.8.34330.188
MinimumVisualStudioVersion = 10.0.40219.1
Project("{8BC9CEB8-8B4A-11D0-8D11-00A0C91BC942}") = "lab11", "lab11\lab11.vcxproj", "{AA6EF260-D365-46FB-9B97-321A696050AE}"
EndProject
Project("{8BC9CEB8-8B4A-11D0-8D11-00A0C91BC942}") = "zad2", "zad2\zad2.vcxproj", "{5F66EB4C-3950-4730-AA9C-3BA14FA86EE7}"
EndProject
Project("{8BC9CEB8-8B4A-11D0-8D11-00A0C91BC942}") = "zad3", "zad3\zad3.vcxproj", "{1C93DD72-ACFA-4AFC-B07A-1DBE5443C790}"
EndProject
Project("{8BC9CEB8-8B4A-11D0-8D11-00A0C91BC942}") = "zad4", "zad4\zad4.vcxproj", "{0FE4DE22-8A0D-4DF2-8EAC-46D979EF70CC}"
EndProject
Project("{8BC9CEB8-8B4A-11D0-8D11-00A0C91BC942}") = "var8(1)", "var8(1)\var8(1).vcxproj", "{CD7D22F4-BB46-48AA-BD1A-3476AA9FEF7B}"
EndProject
Project("{8BC9CEB8-8B4A-11D0-8D11-00A0C91BC942}") = "var8(2)", "var8(2)\var8(2).vcxproj", "{1055756F-6A14-4234-B79D-C74BCB6DCB55}"
EndProject
Project("{8BC9CEB8-8B4A-11D0-8D11-00A0C91BC942}") = "var15(1)", "var15(1)\var15(1).vcxproj", "{9C62B61F-9944-4B93-B647-B5FA860A1E8D}"
EndProject
Project("{8BC9CEB8-8B4A-11D0-8D11-00A0C91BC942}") = "var15(2)", "var15(2)\var15(2).vcxproj", "{A8079AC7-4420-4EA5-90DF-316719A82D5B}"
EndProject
Project("{8BC9CEB8-8B4A-11D0-8D11-00A0C91BC942}") = "var3(1)", "var3(1)\var3(1).vcxproj", "{404AE10E-6389-46BE-A334-7FF030651A90}"
EndProject
Project("{8BC9CEB8-8B4A-11D0-8D11-00A0C91BC942}") = "var3(2)", "var3(2)\var3(2).vcxproj", "{4746B4FD-7CB7-4091-9AD4-D660AA75D640}"
EndProject
Project("{8BC9CEB8-8B4A-11D0-8D11-00A0C91BC942}") = "var5(1)", "var5(1)\var5(1).vcxproj", "{842AFCD4-7B2D-40EF-885E-A2AEA57E6F0C}"
EndProject
Project("{8BC9CEB8-8B4A-11D0-8D11-00A0C91BC942}") = "var5(2)", "var5(2)\var5(2).vcxproj", "{BAB7E75D-1E76-483C-B30C-EA64C2A46D06}"
EndProject
Global
	GlobalSection(SolutionConfigurationPlatforms) = preSolution
		Debug|x64 = Debug|x64
		Debug|x86 = Debug|x86
		Release|x64 = Release|x64
		Release|x86 = Release|x86
	EndGlobalSection
	GlobalSection(ProjectConfigurationPlatforms) = postSolution
		{AA6EF260-D365-46FB-9B97-321A696050AE}.Debug|x64.ActiveCfg = Debug|x64
		{AA6EF260-D365-46FB-9B97-321A696050AE}.Debug|x64.Build.0 = Debug|x64
		{AA6EF260-D365-46FB-9B97-321A696050AE}.Debug|x86.ActiveCfg = Debug|Win32
		{AA6EF260-D365-46FB-9B97-321A696050AE}.Debug|x86.Build.0 = Debug|Win32
		{AA6EF260-D365-46FB-9B97-321A696050AE}.Release|x64.ActiveCfg = Release|x64
		{AA6EF260-D365-46FB-9B97-321A696050AE}.Release|x64.Build.0 = Release|x64
		{AA6EF260-D365-46FB-9B97-321A696050AE}.Release|x86.ActiveCfg = Release|Win32
		{AA6EF260-D365-46FB-9B97-321A696050AE}.Release|x86.Build.0 = Release|Win32
		{5F66EB4C-3950-4730-AA9C-3BA14FA86EE7}.Debug|x64.ActiveCfg = Debug|x64
		{5F66EB4C-3950-4730-AA9C-3BA14FA86EE7}.Debug|x64.Build.0 = Debug|x64
		{5F66EB4C-3950-4730-AA9C-3BA14FA86EE7}.Debug|x86.ActiveCfg = Debug|Win32
		{5F66EB4C-3950-4730-AA9C-3BA14FA86EE7}.Debug|x86.Build.0 = Debug|Win32
		{5F66EB4C-3950-4730-AA9C-3BA14FA86EE7}.Release|x64.ActiveCfg = Release|x64
		{5F66EB4C-3950-4730-AA9C-3BA14FA86EE7}.Release|x64.Build.0 = Release|x64
		{5F66EB4C-3950-4730-AA9C-3BA14FA86EE7}.Release|x86.ActiveCfg = Release|Win32
		{5F66EB4C-3950-4730-AA9C-3BA14FA86EE7}.Release|x86.Build.0 = Release|Win32
		{1C93DD72-ACFA-4AFC-B07A-1DBE5443C790}.Debug|x64.ActiveCfg = Debug|x64
		{1C93DD72-ACFA-4AFC-B07A-1DBE5443C790}.Debug|x64.Build.0 = Debug|x64
		{1C93DD72-ACFA-4AFC-B07A-1DBE5443C790}.Debug|x86.ActiveCfg = Debug|Win32
		{1C93DD72-ACFA-4AFC-B07A-1DBE5443C790}.Debug|x86.Build.0 = Debug|Win32
		{1C93DD72-ACFA-4AFC-B07A-1DBE5443C790}.Release|x64.ActiveCfg = Release|x64
		{1C93DD72-ACFA-4AFC-B07A-1DBE5443C790}.Release|x64.Build.0 = Release|x64
		{1C93DD72-ACFA-4AFC-B07A-1DBE5443C790}.Release|x86.ActiveCfg = Release|Win32
		{1C93DD72-ACFA-4AFC-B07A-1DBE5443C790}.Release|x86.Build.0 = Release|Win32
		{0FE4DE22-8A0D-4DF2-8EAC-46D979EF70CC}.Debug|x64.ActiveCfg = Debug|x64
		{0FE4DE22-8A0D-4DF2-8EAC-46D979EF70CC}.Debug|x64.Build.0 = Debug|x64
		{0FE4DE22-8A0D-4DF2-8EAC-46D979EF70CC}.Debug|x86.ActiveCfg = Debug|Win32
		{0FE4DE22-8A0D-4DF2-8EAC-46D979EF70CC}.Debug|x86.Build.0 = Debug|Win32
		{0FE4DE22-8A0D-4DF2-8EAC-46D979EF70CC}.Release|x64.ActiveCfg = Release|x64
		{0FE4DE22-8A0D-4DF2-8EAC-46D979EF70CC}.Release|x64.Build.0 = Release|x64
		{0FE4DE22-8A0D-4DF2-8EAC-46D979EF70CC}.Release|x86.ActiveCfg = Release|Win32
		{0FE4DE22-8A0D-4DF2-8EAC-46D979EF70CC}.Release|x86.Build.0 = Release|Win32
		{CD7D22F4-BB46-48AA-BD1A-3476AA9FEF7B}.Debug|x64.ActiveCfg = Debug|x64
		{CD7D22F4-BB46-48AA-BD1A-3476AA9FEF7B}.Debug|x64.Build.0 = Debug|x64
		{CD7D22F4-BB46-48AA-BD1A-3476AA9FEF7B}.Debug|x86.ActiveCfg = Debug|Win32
		{CD7D22F4-BB46-48AA-BD1A-3476AA9FEF7B}.Debug|x86.Build.0 = Debug|Win32
		{CD7D22F4-BB46-48AA-BD1A-3476AA9FEF7B}.Release|x64.ActiveCfg = Release|x64
		{CD7D22F4-BB46-48AA-BD1A-3476AA9FEF7B}.Release|x64.Build.0 = Release|x64
		{CD7D22F4-BB46-48AA-BD1A-3476AA9FEF7B}.Release|x86.ActiveCfg = Release|Win32
		{CD7D22F4-BB46-48AA-BD1A-3476AA9FEF7B}.Release|x86.Build.0 = Release|Win32
		{1055756F-6A14-4234-B79D-C74BCB6DCB55}.Debug|x64.ActiveCfg = Debug|x64
		{1055756F-6A14-4234-B79D-C74BCB6DCB55}.Debug|x64.Build.0 = Debug|x64
		{1055756F-6A14-4234-B79D-C74BCB6DCB55}.Debug|x86.ActiveCfg = Debug|Win32
		{1055756F-6A14-4234-B79D-C74BCB6DCB55}.Debug|x86.Build.0 = Debug|Win32
		{1055756F-6A14-4234-B79D-C74BCB6DCB55}.Release|x64.ActiveCfg = Release|x64
		{1055756F-6A14-4234-B79D-C74BCB6DCB55}.Release|x64.Build.0 = Release|x64
		{1055756F-6A14-4234-B79D-C74BCB6DCB55}.Release|x86.ActiveCfg = Release|Win32
		{1055756F-6A14-4234-B79D-C74BCB6DCB55}.Release|x86.Build.0 = Release|Win32
		{9C62B61F-9944-4B93-B647-B5FA860A1E8D}.Debug|x64.ActiveCfg = Debug|x64
		{9C62B61F-9944-4B93-B647-B5FA860A1E8D}.Debug|x64.Build.0 = Debug|x64
		{9C62B61F-9944-4B93-B647-B5FA860A1E8D}.Debug|x86.ActiveCfg = Debug|Win32
		{9C62B61F-9944-4B93-B647-B5FA860A1E8D}.Debug|x86.Build.0 = Debug|Win32
		{9C62B61F-9944-4B93-B647-B5FA860A1E8D}.Release|x64.ActiveCfg = Release|x64
		{9C62B61F-9944-4B93-B647-B5FA860A1E8D}.Release|x64.Build.0 = Release|x64
		{9C62B61F-9944-4B93-B647-B5FA860A1E8D}.Release|x86.ActiveCfg = Release|Win32
		{9C62B61F-9944-4B93-B647-B5FA860A1E8D}.Release|x86.Build.0 = Release|Win32
		{A8079AC7-4420-4EA5-90DF-316719A82D5B}.Debug|x64.ActiveCfg = Debug|x64
		{A8079AC7-4420-4EA5-90DF-316719A82D5B}.Debug|x64.Build.0 = Debug|x64
		{A8079AC7-4420-4EA5-90DF-316719A82D5B}.Debug|x86.ActiveCfg = Debug|Win32
		{A8079AC7-4420-4EA5-90DF-316719A82D5B}.Debug|x86.Build.0 = Debug|Win32
		{A8079AC7-4420-4EA5-90DF-316719A82D5B}.Release|x64.ActiveCfg = Release|x64
		{A8079AC7-4420-4EA5-90DF-316719A82D5B}.Release|x64.Build.0 = Release|x64
		{A8079AC7-4420-4EA5-90DF-316719A82D5B}.Release|x86.ActiveCfg = Release|Win32
		{A8079AC7-4420-4EA5-90DF-316719A82D5B}.Release|x86.Build.0 = Release|Win32
		{404AE10E-6389-46BE-A334-7FF030651A90}.Debug|x64.ActiveCfg = Debug|x64
		{404AE10E-6389-46BE-A334-7FF030651A90}.Debug|x64.Build.0 = Debug|x64
		{404AE10E-6389-46BE-A334-7FF030651A90}.Debug|x86.ActiveCfg = Debug|Win32
		{404AE10E-6389-46BE-A334-7FF030651A90}.Debug|x86.Build.0 = Debug|Win32
		{404AE10E-6389-46BE-A334-7FF030651A90}.Release|x64.ActiveCfg = Release|x64
		{404AE10E-6389-46BE-A334-7FF030651A90}.Release|x64.Build.0 = Release|x64
		{404AE10E-6389-46BE-A334-7FF030651A90}.Release|x86.ActiveCfg = Release|Win32
		{404AE10E-6389-46BE-A334-7FF030651A90}.Release|x86.Build.0 = Release|Win32
		{4746B4FD-7CB7-4091-9AD4-D660AA75D640}.Debug|x64.ActiveCfg = Debug|x64
		{4746B4FD-7CB7-4091-9AD4-D660AA75D640}.Debug|x64.Build.0 = Debug|x64
		{4746B4FD-7CB7-4091-9AD4-D660AA75D640}.Debug|x86.ActiveCfg = Debug|Win32
		{4746B4FD-7CB7-4091-9AD4-D660AA75D640}.Debug|x86.Build.0 = Debug|Win32
		{4746B4FD-7CB7-4091-9AD4-D660AA75D640}.Release|x64.ActiveCfg = Release|x64
		{4746B4FD-7CB7-4091-9AD4-D660AA75D640}.Release|x64.Build.0 = Release|x64
		{4746B4FD-7CB7-4091-9AD4-D660AA75D640}.Release|x86.ActiveCfg = Release|Win32
		{4746B4FD-7CB7-4091-9AD4-D660AA75D640}.Release|x86.Build.0 = Release|Win32
		{842AFCD4-7B2D-40EF-885E-A2AEA57E6F0C}.Debug|x64.ActiveCfg = Debug|x64
		{842AFCD4-7B2D-40EF-885E-A2AEA57E6F0C}.Debug|x64.Build.0 = Debug|x64
		{842AFCD4-7B2D-40EF-885E-A2AEA57E6F0C}.Debug|x86.ActiveCfg = Debug|Win32
		{842AFCD4-7B2D-40EF-885E-A2AEA57E6F0C}.Debug|x86.Build.0 = Debug|Win32
		{842AFCD4-7B2D-40EF-885E-A2AEA57E6F0C}.Release|x64.ActiveCfg = Release|x64
		{842AFCD4-7B2D-40EF-885E-A2AEA57E6F0C}.Release|x64.Build.0 = Release|x64
		{842AFCD4-7B2D-40EF-885E-A2AEA57E6F0C}.Release|x86.ActiveCfg = Release|Win32
		{842AFCD4-7B2D-40EF-885E-A2AEA57E6F0C}.Release|x86.Build.0 = Release|Win32
		{BAB7E75D-1E76-483C-B30C-EA64C2A46D06}.Debug|x64.ActiveCfg = Debug|x64
		{BAB7E75D-1E76-483C-B30C-EA64C2A46D06}.Debug|x64.Build.0 = Debug|x64
		{BAB7E75D-1E76-483C-B30C-EA64C2A46D06}.Debug|x86.ActiveCfg = Debug|Win32
		{BAB7E75D-1E76-483C-B30C-EA64C2A46D06}.Debug|x86.Build.0 = Debug|Win32
		{BAB7E75D-1E76-483C-B30C-EA64C2A46D06}.Release|x64.ActiveCfg = Release|x64
		{BAB7E75D-1E76-483C-B30C-EA64C2A46D06}.Release|x64.Build.0 = Release|x64
		{BAB7E75D-1E76-483C-B30C-EA64C2A46D06}.Release|x86.ActiveCfg = Release|Win32
		{BAB7E75D-1E76-483C-B30C-EA64C2A46D06}.Release|x86.Build.0 = Release|Win32
	EndGlobalSection
	GlobalSection(SolutionProperties) = preSolution
		HideSolutionNode = FALSE
	EndGlobalSection
	GlobalSection(ExtensibilityGlobals) = postSolution
		SolutionGuid = {A65089B7-DD3C-4A0D-B33E-CAA5276A5707}
	EndGlobalSection
EndGlobal
